// !$*UTF8*$!
{
	archiveVersion = 1;
	classes = {
	};
	objectVersion = 55;
	objects = {

/* Begin PBXBuildFile section */
		BB968ECA275E602100831BC0 /* FinancialAppApp.swift in Sources */ = {isa = PBXBuildFile; fileRef = BB968EC9275E602100831BC0 /* FinancialAppApp.swift */; };
		BB968ECC275E602100831BC0 /* ContentView.swift in Sources */ = {isa = PBXBuildFile; fileRef = BB968ECB275E602100831BC0 /* ContentView.swift */; };
		BB968ECE275E602200831BC0 /* Assets.xcassets in Resources */ = {isa = PBXBuildFile; fileRef = BB968ECD275E602200831BC0 /* Assets.xcassets */; };
		BB968ED1275E602200831BC0 /* Preview Assets.xcassets in Resources */ = {isa = PBXBuildFile; fileRef = BB968ED0275E602200831BC0 /* Preview Assets.xcassets */; };
		BB968EE0275E63E600831BC0 /* HomeHeaderView.swift in Sources */ = {isa = PBXBuildFile; fileRef = BB968EDF275E63E600831BC0 /* HomeHeaderView.swift */; };
		BB968EE3275E65C100831BC0 /* CustomTextStyle.swift in Sources */ = {isa = PBXBuildFile; fileRef = BB968EE2275E65C100831BC0 /* CustomTextStyle.swift */; };
		BB968EE6275E662300831BC0 /* ScaledFont.swift in Sources */ = {isa = PBXBuildFile; fileRef = BB968EE5275E662300831BC0 /* ScaledFont.swift */; };
		BB968EE8275E69F200831BC0 /* PalleteColors.swift in Sources */ = {isa = PBXBuildFile; fileRef = BB968EE7275E69F200831BC0 /* PalleteColors.swift */; };
/* End PBXBuildFile section */

/* Begin PBXFileReference section */
		BB33891E2761045200F9423C /* AvenirNextCondensed-Medium.ttf */ = {isa = PBXFileReference; lastKnownFileType = file; path = "AvenirNextCondensed-Medium.ttf"; sourceTree = "<group>"; };
		BB33891F2761045200F9423C /* AvenirNextCondensed-DemiBold.ttf */ = {isa = PBXFileReference; lastKnownFileType = file; path = "AvenirNextCondensed-DemiBold.ttf"; sourceTree = "<group>"; };
		BB3389202761045200F9423C /* AvenirNextCondensed-Heavy.ttf */ = {isa = PBXFileReference; lastKnownFileType = file; path = "AvenirNextCondensed-Heavy.ttf"; sourceTree = "<group>"; };
		BB3389212761045200F9423C /* AvenirNextCondensed-UltraLight.ttf */ = {isa = PBXFileReference; lastKnownFileType = file; path = "AvenirNextCondensed-UltraLight.ttf"; sourceTree = "<group>"; };
		BB3389222761045200F9423C /* AvenirNextCondensed-Bold.ttf */ = {isa = PBXFileReference; lastKnownFileType = file; path = "AvenirNextCondensed-Bold.ttf"; sourceTree = "<group>"; };
		BB3389232761045200F9423C /* AvenirNextCondensed-Regular.ttf */ = {isa = PBXFileReference; lastKnownFileType = file; path = "AvenirNextCondensed-Regular.ttf"; sourceTree = "<group>"; };
		BB968EC6275E602100831BC0 /* FinancialApp.app */ = {isa = PBXFileReference; explicitFileType = wrapper.application; includeInIndex = 0; path = FinancialApp.app; sourceTree = BUILT_PRODUCTS_DIR; };
		BB968EC9275E602100831BC0 /* FinancialAppApp.swift */ = {isa = PBXFileReference; lastKnownFileType = sourcecode.swift; path = FinancialAppApp.swift; sourceTree = "<group>"; };
		BB968ECB275E602100831BC0 /* ContentView.swift */ = {isa = PBXFileReference; lastKnownFileType = sourcecode.swift; path = ContentView.swift; sourceTree = "<group>"; };
		BB968ECD275E602200831BC0 /* Assets.xcassets */ = {isa = PBXFileReference; lastKnownFileType = folder.assetcatalog; path = Assets.xcassets; sourceTree = "<group>"; };
		BB968ED0275E602200831BC0 /* Preview Assets.xcassets */ = {isa = PBXFileReference; lastKnownFileType = folder.assetcatalog; path = "Preview Assets.xcassets"; sourceTree = "<group>"; };
		BB968EDF275E63E600831BC0 /* HomeHeaderView.swift */ = {isa = PBXFileReference; lastKnownFileType = sourcecode.swift; path = HomeHeaderView.swift; sourceTree = "<group>"; };
		BB968EE2275E65C100831BC0 /* CustomTextStyle.swift */ = {isa = PBXFileReference; lastKnownFileType = sourcecode.swift; path = CustomTextStyle.swift; sourceTree = "<group>"; };
		BB968EE5275E662300831BC0 /* ScaledFont.swift */ = {isa = PBXFileReference; lastKnownFileType = sourcecode.swift; path = ScaledFont.swift; sourceTree = "<group>"; };
		BB968EE7275E69F200831BC0 /* PalleteColors.swift */ = {isa = PBXFileReference; lastKnownFileType = sourcecode.swift; path = PalleteColors.swift; sourceTree = "<group>"; };
/* End PBXFileReference section */

/* Begin PBXFrameworksBuildPhase section */
		BB968EC3275E602100831BC0 /* Frameworks */ = {
			isa = PBXFrameworksBuildPhase;
			buildActionMask = 2147483647;
			files = (
			);
			runOnlyForDeploymentPostprocessing = 0;
		};
/* End PBXFrameworksBuildPhase section */

/* Begin PBXGroup section */
		BB968EBD275E602100831BC0 = {
			isa = PBXGroup;
			children = (
				BB968EC8275E602100831BC0 /* FinancialApp */,
				BB968EC7275E602100831BC0 /* Products */,
			);
			sourceTree = "<group>";
		};
		BB968EC7275E602100831BC0 /* Products */ = {
			isa = PBXGroup;
			children = (
				BB968EC6275E602100831BC0 /* FinancialApp.app */,
			);
			name = Products;
			sourceTree = "<group>";
		};
		BB968EC8275E602100831BC0 /* FinancialApp */ = {
			isa = PBXGroup;
			children = (
				BB968EDD275E627D00831BC0 /* Utilities */,
				BB968EDB275E625B00831BC0 /* Model */,
				BB968EDA275E621900831BC0 /* Supporting Views */,
				BB968ED9275E61CC00831BC0 /* View Model */,
				BB968ED8275E618D00831BC0 /* Views */,
				BB968ECD275E602200831BC0 /* Assets.xcassets */,
				BB968ECF275E602200831BC0 /* Preview Content */,
			);
			path = FinancialApp;
			sourceTree = "<group>";
		};
		BB968ECF275E602200831BC0 /* Preview Content */ = {
			isa = PBXGroup;
			children = (
				BB968ED0275E602200831BC0 /* Preview Assets.xcassets */,
			);
			path = "Preview Content";
			sourceTree = "<group>";
		};
		BB968ED8275E618D00831BC0 /* Views */ = {
			isa = PBXGroup;
			children = (
				BB968ECB275E602100831BC0 /* ContentView.swift */,
				BB968EC9275E602100831BC0 /* FinancialAppApp.swift */,
			);
			path = Views;
			sourceTree = "<group>";
		};
		BB968ED9275E61CC00831BC0 /* View Model */ = {
			isa = PBXGroup;
			children = (
			);
			path = "View Model";
			sourceTree = "<group>";
		};
		BB968EDA275E621900831BC0 /* Supporting Views */ = {
			isa = PBXGroup;
			children = (
				BB968EDE275E63C200831BC0 /* Home */,
			);
			path = "Supporting Views";
			sourceTree = "<group>";
		};
		BB968EDB275E625B00831BC0 /* Model */ = {
			isa = PBXGroup;
			children = (
			);
			path = Model;
			sourceTree = "<group>";
		};
		BB968EDD275E627D00831BC0 /* Utilities */ = {
			isa = PBXGroup;
			children = (
				BB968EE1275E659800831BC0 /* _theming */,
			);
			path = Utilities;
			sourceTree = "<group>";
		};
		BB968EDE275E63C200831BC0 /* Home */ = {
			isa = PBXGroup;
			children = (
				BB968EDF275E63E600831BC0 /* HomeHeaderView.swift */,
			);
			path = Home;
			sourceTree = "<group>";
		};
		BB968EE1275E659800831BC0 /* _theming */ = {
			isa = PBXGroup;
			children = (
				BB968EE9275E6C0900831BC0 /* Font */,
				BB968EE2275E65C100831BC0 /* CustomTextStyle.swift */,
				BB968EE5275E662300831BC0 /* ScaledFont.swift */,
				BB968EE7275E69F200831BC0 /* PalleteColors.swift */,
			);
			path = _theming;
			sourceTree = "<group>";
		};
		BB968EE9275E6C0900831BC0 /* Font */ = {
			isa = PBXGroup;
			children = (
				BB3389222761045200F9423C /* AvenirNextCondensed-Bold.ttf */,
				BB33891F2761045200F9423C /* AvenirNextCondensed-DemiBold.ttf */,
				BB3389202761045200F9423C /* AvenirNextCondensed-Heavy.ttf */,
				BB33891E2761045200F9423C /* AvenirNextCondensed-Medium.ttf */,
				BB3389232761045200F9423C /* AvenirNextCondensed-Regular.ttf */,
				BB3389212761045200F9423C /* AvenirNextCondensed-UltraLight.ttf */,
			);
			path = Font;
			sourceTree = "<group>";
		};
/* End PBXGroup section */

/* Begin PBXNativeTarget section */
		BB968EC5275E602100831BC0 /* FinancialApp */ = {
			isa = PBXNativeTarget;
			buildConfigurationList = BB968ED4275E602200831BC0 /* Build configuration list for PBXNativeTarget "FinancialApp" */;
			buildPhases = (
				BB968EC2275E602100831BC0 /* Sources */,
				BB968EC3275E602100831BC0 /* Frameworks */,
				BB968EC4275E602100831BC0 /* Resources */,
			);
			buildRules = (
			);
			dependencies = (
			);
			name = FinancialApp;
			productName = FinancialApp;
			productReference = BB968EC6275E602100831BC0 /* FinancialApp.app */;
			productType = "com.apple.product-type.application";
		};
/* End PBXNativeTarget section */

/* Begin PBXProject section */
		BB968EBE275E602100831BC0 /* Project object */ = {
			isa = PBXProject;
			attributes = {
				BuildIndependentTargetsInParallel = 1;
				LastSwiftUpdateCheck = 1310;
				LastUpgradeCheck = 1310;
				TargetAttributes = {
					BB968EC5275E602100831BC0 = {
						CreatedOnToolsVersion = 13.1;
					};
				};
			};
			buildConfigurationList = BB968EC1275E602100831BC0 /* Build configuration list for PBXProject "FinancialApp" */;
			compatibilityVersion = "Xcode 13.0";
			developmentRegion = en;
			hasScannedForEncodings = 0;
			knownRegions = (
				en,
				Base,
			);
			mainGroup = BB968EBD275E602100831BC0;
			productRefGroup = BB968EC7275E602100831BC0 /* Products */;
			projectDirPath = "";
			projectRoot = "";
			targets = (
				BB968EC5275E602100831BC0 /* FinancialApp */,
			);
		};
/* End PBXProject section */

/* Begin PBXResourcesBuildPhase section */
		BB968EC4275E602100831BC0 /* Resources */ = {
			isa = PBXResourcesBuildPhase;
			buildActionMask = 2147483647;
			files = (
				BB968ED1275E602200831BC0 /* Preview Assets.xcassets in Resources */,
				BB968ECE275E602200831BC0 /* Assets.xcassets in Resources */,
			);
			runOnlyForDeploymentPostprocessing = 0;
		};
/* End PBXResourcesBuildPhase section */

/* Begin PBXSourcesBuildPhase section */
		BB968EC2275E602100831BC0 /* Sources */ = {
			isa = PBXSourcesBuildPhase;
			buildActionMask = 2147483647;
			files = (
				BB968EE0275E63E600831BC0 /* HomeHeaderView.swift in Sources */,
				BB968EE8275E69F200831BC0 /* PalleteColors.swift in Sources */,
				BB968EE3275E65C100831BC0 /* CustomTextStyle.swift in Sources */,
				BB968ECC275E602100831BC0 /* ContentView.swift in Sources */,
				BB968ECA275E602100831BC0 /* FinancialAppApp.swift in Sources */,
				BB968EE6275E662300831BC0 /* ScaledFont.swift in Sources */,
			);
			runOnlyForDeploymentPostprocessing = 0;
		};
/* End PBXSourcesBuildPhase section */

/* Begin XCBuildConfiguration section */
		BB968ED2275E602200831BC0 /* Debug */ = {
			isa = XCBuildConfiguration;
			buildSettings = {
				ALWAYS_SEARCH_USER_PATHS = NO;
				CLANG_ANALYZER_NONNULL = YES;
				CLANG_ANALYZER_NUMBER_OBJECT_CONVERSION = YES_AGGRESSIVE;
				CLANG_CXX_LANGUAGE_STANDARD = "gnu++17";
				CLANG_CXX_LIBRARY = "libc++";
				CLANG_ENABLE_MODULES = YES;
				CLANG_ENABLE_OBJC_ARC = YES;
				CLANG_ENABLE_OBJC_WEAK = YES;
				CLANG_WARN_BLOCK_CAPTURE_AUTORELEASING = YES;
				CLANG_WARN_BOOL_CONVERSION = YES;
				CLANG_WARN_COMMA = YES;
				CLANG_WARN_CONSTANT_CONVERSION = YES;
				CLANG_WARN_DEPRECATED_OBJC_IMPLEMENTATIONS = YES;
				CLANG_WARN_DIRECT_OBJC_ISA_USAGE = YES_ERROR;
				CLANG_WARN_DOCUMENTATION_COMMENTS = YES;
				CLANG_WARN_EMPTY_BODY = YES;
				CLANG_WARN_ENUM_CONVERSION = YES;
				CLANG_WARN_INFINITE_RECURSION = YES;
				CLANG_WARN_INT_CONVERSION = YES;
				CLANG_WARN_NON_LITERAL_NULL_CONVERSION = YES;
				CLANG_WARN_OBJC_IMPLICIT_RETAIN_SELF = YES;
				CLANG_WARN_OBJC_LITERAL_CONVERSION = YES;
				CLANG_WARN_OBJC_ROOT_CLASS = YES_ERROR;
				CLANG_WARN_QUOTED_INCLUDE_IN_FRAMEWORK_HEADER = YES;
				CLANG_WARN_RANGE_LOOP_ANALYSIS = YES;
				CLANG_WARN_STRICT_PROTOTYPES = YES;
				CLANG_WARN_SUSPICIOUS_MOVE = YES;
				CLANG_WARN_UNGUARDED_AVAILABILITY = YES_AGGRESSIVE;
				CLANG_WARN_UNREACHABLE_CODE = YES;
				CLANG_WARN__DUPLICATE_METHOD_MATCH = YES;
				COPY_PHASE_STRIP = NO;
				DEBUG_INFORMATION_FORMAT = dwarf;
				ENABLE_STRICT_OBJC_MSGSEND = YES;
				ENABLE_TESTABILITY = YES;
				GCC_C_LANGUAGE_STANDARD = gnu11;
				GCC_DYNAMIC_NO_PIC = NO;
				GCC_NO_COMMON_BLOCKS = YES;
				GCC_OPTIMIZATION_LEVEL = 0;
				GCC_PREPROCESSOR_DEFINITIONS = (
					"DEBUG=1",
					"$(inherited)",
				);
				GCC_WARN_64_TO_32_BIT_CONVERSION = YES;
				GCC_WARN_ABOUT_RETURN_TYPE = YES_ERROR;
				GCC_WARN_UNDECLARED_SELECTOR = YES;
				GCC_WARN_UNINITIALIZED_AUTOS = YES_AGGRESSIVE;
				GCC_WARN_UNUSED_FUNCTION = YES;
				GCC_WARN_UNUSED_VARIABLE = YES;
				IPHONEOS_DEPLOYMENT_TARGET = 15.0;
				MTL_ENABLE_DEBUG_INFO = INCLUDE_SOURCE;
				MTL_FAST_MATH = YES;
				ONLY_ACTIVE_ARCH = YES;
				SDKROOT = iphoneos;
				SWIFT_ACTIVE_COMPILATION_CONDITIONS = DEBUG;
				SWIFT_OPTIMIZATION_LEVEL = "-Onone";
			};
			name = Debug;
		};
		BB968ED3275E602200831BC0 /* Release */ = {
			isa = XCBuildConfiguration;
			buildSettings = {
				ALWAYS_SEARCH_USER_PATHS = NO;
				CLANG_ANALYZER_NONNULL = YES;
				CLANG_ANALYZER_NUMBER_OBJECT_CONVERSION = YES_AGGRESSIVE;
				CLANG_CXX_LANGUAGE_STANDARD = "gnu++17";
				CLANG_CXX_LIBRARY = "libc++";
				CLANG_ENABLE_MODULES = YES;
				CLANG_ENABLE_OBJC_ARC = YES;
				CLANG_ENABLE_OBJC_WEAK = YES;
				CLANG_WARN_BLOCK_CAPTURE_AUTORELEASING = YES;
				CLANG_WARN_BOOL_CONVERSION = YES;
				CLANG_WARN_COMMA = YES;
				CLANG_WARN_CONSTANT_CONVERSION = YES;
				CLANG_WARN_DEPRECATED_OBJC_IMPLEMENTATIONS = YES;
				CLANG_WARN_DIRECT_OBJC_ISA_USAGE = YES_ERROR;
				CLANG_WARN_DOCUMENTATION_COMMENTS = YES;
				CLANG_WARN_EMPTY_BODY = YES;
				CLANG_WARN_ENUM_CONVERSION = YES;
				CLANG_WARN_INFINITE_RECURSION = YES;
				CLANG_WARN_INT_CONVERSION = YES;
				CLANG_WARN_NON_LITERAL_NULL_CONVERSION = YES;
				CLANG_WARN_OBJC_IMPLICIT_RETAIN_SELF = YES;
				CLANG_WARN_OBJC_LITERAL_CONVERSION = YES;
				CLANG_WARN_OBJC_ROOT_CLASS = YES_ERROR;
				CLANG_WARN_QUOTED_INCLUDE_IN_FRAMEWORK_HEADER = YES;
				CLANG_WARN_RANGE_LOOP_ANALYSIS = YES;
				CLANG_WARN_STRICT_PROTOTYPES = YES;
				CLANG_WARN_SUSPICIOUS_MOVE = YES;
				CLANG_WARN_UNGUARDED_AVAILABILITY = YES_AGGRESSIVE;
				CLANG_WARN_UNREACHABLE_CODE = YES;
				CLANG_WARN__DUPLICATE_METHOD_MATCH = YES;
				COPY_PHASE_STRIP = NO;
				DEBUG_INFORMATION_FORMAT = "dwarf-with-dsym";
				ENABLE_NS_ASSERTIONS = NO;
				ENABLE_STRICT_OBJC_MSGSEND = YES;
				GCC_C_LANGUAGE_STANDARD = gnu11;
				GCC_NO_COMMON_BLOCKS = YES;
				GCC_WARN_64_TO_32_BIT_CONVERSION = YES;
				GCC_WARN_ABOUT_RETURN_TYPE = YES_ERROR;
				GCC_WARN_UNDECLARED_SELECTOR = YES;
				GCC_WARN_UNINITIALIZED_AUTOS = YES_AGGRESSIVE;
				GCC_WARN_UNUSED_FUNCTION = YES;
				GCC_WARN_UNUSED_VARIABLE = YES;
				IPHONEOS_DEPLOYMENT_TARGET = 15.0;
				MTL_ENABLE_DEBUG_INFO = NO;
				MTL_FAST_MATH = YES;
				SDKROOT = iphoneos;
				SWIFT_COMPILATION_MODE = wholemodule;
				SWIFT_OPTIMIZATION_LEVEL = "-O";
				VALIDATE_PRODUCT = YES;
			};
			name = Release;
		};
		BB968ED5275E602200831BC0 /* Debug */ = {
			isa = XCBuildConfiguration;
			buildSettings = {
				ASSETCATALOG_COMPILER_APPICON_NAME = AppIcon;
				ASSETCATALOG_COMPILER_GLOBAL_ACCENT_COLOR_NAME = AccentColor;
				CODE_SIGN_STYLE = Automatic;
				CURRENT_PROJECT_VERSION = 1;
				DEVELOPMENT_ASSET_PATHS = "\"FinancialApp/Preview Content\"";
				DEVELOPMENT_TEAM = M6K96Y9B53;
				ENABLE_PREVIEWS = YES;
				GENERATE_INFOPLIST_FILE = YES;
				INFOPLIST_KEY_UIApplicationSceneManifest_Generation = YES;
				INFOPLIST_KEY_UIApplicationSupportsIndirectInputEvents = YES;
				INFOPLIST_KEY_UILaunchScreen_Generation = YES;
				INFOPLIST_KEY_UISupportedInterfaceOrientations_iPad = "UIInterfaceOrientationPortrait UIInterfaceOrientationPortraitUpsideDown UIInterfaceOrientationLandscapeLeft UIInterfaceOrientationLandscapeRight";
				INFOPLIST_KEY_UISupportedInterfaceOrientations_iPhone = "UIInterfaceOrientationPortrait UIInterfaceOrientationLandscapeLeft UIInterfaceOrientationLandscapeRight";
				LD_RUNPATH_SEARCH_PATHS = (
					"$(inherited)",
					"@executable_path/Frameworks",
				);
				MARKETING_VERSION = 1.0;
				PRODUCT_BUNDLE_IDENTIFIER = tzuzulcode.FinancialApp;
				PRODUCT_NAME = "$(TARGET_NAME)";
				SWIFT_EMIT_LOC_STRINGS = YES;
				SWIFT_VERSION = 5.0;
				TARGETED_DEVICE_FAMILY = "1,2";
			};
			name = Debug;
		};
		BB968ED6275E602200831BC0 /* Release */ = {
			isa = XCBuildConfiguration;
			buildSettings = {
				ASSETCATALOG_COMPILER_APPICON_NAME = AppIcon;
				ASSETCATALOG_COMPILER_GLOBAL_ACCENT_COLOR_NAME = AccentColor;
				CODE_SIGN_STYLE = Automatic;
				CURRENT_PROJECT_VERSION = 1;
				DEVELOPMENT_ASSET_PATHS = "\"FinancialApp/Preview Content\"";
				DEVELOPMENT_TEAM = M6K96Y9B53;
				ENABLE_PREVIEWS = YES;
				GENERATE_INFOPLIST_FILE = YES;
				INFOPLIST_KEY_UIApplicationSceneManifest_Generation = YES;
				INFOPLIST_KEY_UIApplicationSupportsIndirectInputEvents = YES;
				INFOPLIST_KEY_UILaunchScreen_Generation = YES;
				INFOPLIST_KEY_UISupportedInterfaceOrientations_iPad = "UIInterfaceOrientationPortrait UIInterfaceOrientationPortraitUpsideDown UIInterfaceOrientationLandscapeLeft UIInterfaceOrientationLandscapeRight";
				INFOPLIST_KEY_UISupportedInterfaceOrientations_iPhone = "UIInterfaceOrientationPortrait UIInterfaceOrientationLandscapeLeft UIInterfaceOrientationLandscapeRight";
				LD_RUNPATH_SEARCH_PATHS = (
					"$(inherited)",
					"@executable_path/Frameworks",
				);
				MARKETING_VERSION = 1.0;
				PRODUCT_BUNDLE_IDENTIFIER = tzuzulcode.FinancialApp;
				PRODUCT_NAME = "$(TARGET_NAME)";
				SWIFT_EMIT_LOC_STRINGS = YES;
				SWIFT_VERSION = 5.0;
				TARGETED_DEVICE_FAMILY = "1,2";
			};
			name = Release;
		};
/* End XCBuildConfiguration section */

/* Begin XCConfigurationList section */
		BB968EC1275E602100831BC0 /* Build configuration list for PBXProject "FinancialApp" */ = {
			isa = XCConfigurationList;
			buildConfigurations = (
				BB968ED2275E602200831BC0 /* Debug */,
				BB968ED3275E602200831BC0 /* Release */,
			);
			defaultConfigurationIsVisible = 0;
			defaultConfigurationName = Release;
		};
		BB968ED4275E602200831BC0 /* Build configuration list for PBXNativeTarget "FinancialApp" */ = {
			isa = XCConfigurationList;
			buildConfigurations = (
				BB968ED5275E602200831BC0 /* Debug */,
				BB968ED6275E602200831BC0 /* Release */,
			);
			defaultConfigurationIsVisible = 0;
			defaultConfigurationName = Release;
		};
/* End XCConfigurationList section */
	};
	rootObject = BB968EBE275E602100831BC0 /* Project object */;
}
